
Microsoft Visual Studio Solution File, Format Version 10.00
# Visual Studio 2008
Project("{FAE04EC0-301F-11D3-BF4B-00C04F79EFBC}") = "Jazz", "Jazz\Jazz.csproj", "{61849235-3255-4D58-8522-BF6643505C04}"
EndProject
Global
	GlobalSection(SolutionConfigurationPlatforms) = preSolution
		Debug|Xbox 360 = Debug|Xbox 360
		Release|Xbox 360 = Release|Xbox 360
	EndGlobalSection
	GlobalSection(ProjectConfigurationPlatforms) = postSolution
		{61849235-3255-4D58-8522-BF6643505C04}.Debug|Xbox 360.ActiveCfg = Debug|Xbox 360
		{61849235-3255-4D58-8522-BF6643505C04}.Debug|Xbox 360.Build.0 = Debug|Xbox 360
		{61849235-3255-4D58-8522-BF6643505C04}.Debug|Xbox 360.Deploy.0 = Debug|Xbox 360
		{61849235-3255-4D58-8522-BF6643505C04}.Release|Xbox 360.ActiveCfg = Release|Xbox 360
		{61849235-3255-4D58-8522-BF6643505C04}.Release|Xbox 360.Build.0 = Release|Xbox 360
		{61849235-3255-4D58-8522-BF6643505C04}.Release|Xbox 360.Deploy.0 = Release|Xbox 360
		{D6BB2FE1-66D9-487A-A15C-B1DB441A539D}.Debug|Xbox 360.ActiveCfg = Debug|Xbox 360
		{D6BB2FE1-66D9-487A-A15C-B1DB441A539D}.Release|Xbox 360.ActiveCfg = Release|Xbox 360
	EndGlobalSection
	GlobalSection(SolutionProperties) = preSolution
		HideSolutionNode = FALSE
	EndGlobalSection
EndGlobal
